
Microsoft Visual Studio Solution File, Format Version 12.00
# Visual Studio Version 17
VisualStudioVersion = 17.7.34003.232
MinimumVisualStudioVersion = 10.0.40219.1
Project("{FAE04EC0-301F-11D3-BF4B-00C04F79EFBC}") = "IskolaAPI", "IskolaAPI\IskolaAPI.csproj", "{B8C6FBFC-1FF2-4A4F-90EE-07E60BF67BCF}"
EndProject
Global
	GlobalSection(SolutionConfigurationPlatforms) = preSolution
		Debug|Any CPU = Debug|Any CPU
		Release|Any CPU = Release|Any CPU
	EndGlobalSection
	GlobalSection(ProjectConfigurationPlatforms) = postSolution
		{B8C6FBFC-1FF2-4A4F-90EE-07E60BF67BCF}.Debug|Any CPU.ActiveCfg = Debug|Any CPU
		{B8C6FBFC-1FF2-4A4F-90EE-07E60BF67BCF}.Debug|Any CPU.Build.0 = Debug|Any CPU
		{B8C6FBFC-1FF2-4A4F-90EE-07E60BF67BCF}.Release|Any CPU.ActiveCfg = Release|Any CPU
		{B8C6FBFC-1FF2-4A4F-90EE-07E60BF67BCF}.Release|Any CPU.Build.0 = Release|Any CPU
	EndGlobalSection
	GlobalSection(SolutionProperties) = preSolution
		HideSolutionNode = FALSE
	EndGlobalSection
	GlobalSection(ExtensibilityGlobals) = postSolution
		SolutionGuid = {A6D91B7E-30D5-4CE7-B670-9354D0002211}
	EndGlobalSection
EndGlobal
